
Microsoft Visual Studio Solution File, Format Version 12.00
# Visual Studio Version 17
VisualStudioVersion = 17.4.33213.308
MinimumVisualStudioVersion = 10.0.40219.1
Project("{9A19103F-16F7-4668-BE54-9A1E7A4F7556}") = "ddns", "ddns.csproj", "{40877A9F-D1D3-44D2-BB8F-1359222842EE}"
EndProject
Global
	GlobalSection(SolutionConfigurationPlatforms) = preSolution
		Release|Any CPU = Release|Any CPU
	EndGlobalSection
	GlobalSection(ProjectConfigurationPlatforms) = postSolution
		{40877A9F-D1D3-44D2-BB8F-1359222842EE}.Release|Any CPU.ActiveCfg = Release|Any CPU
		{40877A9F-D1D3-44D2-BB8F-1359222842EE}.Release|Any CPU.Build.0 = Release|Any CPU
	EndGlobalSection
	GlobalSection(SolutionProperties) = preSolution
		HideSolutionNode = FALSE
	EndGlobalSection
	GlobalSection(ExtensibilityGlobals) = postSolution
		SolutionGuid = {4E300550-1E49-44C5-823A-21A91B9FF03E}
	EndGlobalSection
EndGlobal
